
Microsoft Visual Studio Solution File, Format Version 12.00
# Visual Studio Version 17
VisualStudioVersion = 17.5.33414.496
MinimumVisualStudioVersion = 10.0.40219.1
Project("{FAE04EC0-301F-11D3-BF4B-00C04F79EFBC}") = "Mission9_ajames26", "Mission9_ajames26\Mission9_ajames26.csproj", "{1222C99A-581B-4E38-A478-872871E4FB9D}"
EndProject
Global
	GlobalSection(SolutionConfigurationPlatforms) = preSolution
		Debug|Any CPU = Debug|Any CPU
		Release|Any CPU = Release|Any CPU
	EndGlobalSection
	GlobalSection(ProjectConfigurationPlatforms) = postSolution
		{1222C99A-581B-4E38-A478-872871E4FB9D}.Debug|Any CPU.ActiveCfg = Debug|Any CPU
		{1222C99A-581B-4E38-A478-872871E4FB9D}.Debug|Any CPU.Build.0 = Debug|Any CPU
		{1222C99A-581B-4E38-A478-872871E4FB9D}.Release|Any CPU.ActiveCfg = Release|Any CPU
		{1222C99A-581B-4E38-A478-872871E4FB9D}.Release|Any CPU.Build.0 = Release|Any CPU
	EndGlobalSection
	GlobalSection(SolutionProperties) = preSolution
		HideSolutionNode = FALSE
	EndGlobalSection
	GlobalSection(ExtensibilityGlobals) = postSolution
		SolutionGuid = {5CD8B100-FCCA-48FC-94C2-FA388D534051}
	EndGlobalSection
EndGlobal
